// !$*UTF8*$!
{
	archiveVersion = 1;
	classes = {
	};
	objectVersion = 56;
	objects = {

/* Begin PBXBuildFile section */
		3042D08C28E3CBF300BE3D05 /* AppDelegate.swift in Sources */ = {isa = PBXBuildFile; fileRef = 3042D08B28E3CBF300BE3D05 /* AppDelegate.swift */; };
		3042D08E28E3CBF300BE3D05 /* SceneDelegate.swift in Sources */ = {isa = PBXBuildFile; fileRef = 3042D08D28E3CBF300BE3D05 /* SceneDelegate.swift */; };
		3042D09028E3CBF300BE3D05 /* ViewController.swift in Sources */ = {isa = PBXBuildFile; fileRef = 3042D08F28E3CBF300BE3D05 /* ViewController.swift */; };
		3042D09328E3CBF300BE3D05 /* Main.storyboard in Resources */ = {isa = PBXBuildFile; fileRef = 3042D09128E3CBF300BE3D05 /* Main.storyboard */; };
		3042D09528E3CBF500BE3D05 /* Assets.xcassets in Resources */ = {isa = PBXBuildFile; fileRef = 3042D09428E3CBF500BE3D05 /* Assets.xcassets */; };
		3042D09828E3CBF500BE3D05 /* LaunchScreen.storyboard in Resources */ = {isa = PBXBuildFile; fileRef = 3042D09628E3CBF500BE3D05 /* LaunchScreen.storyboard */; };
		3042D0A328E3CBF600BE3D05 /* BullsEyeTests.swift in Sources */ = {isa = PBXBuildFile; fileRef = 3042D0A228E3CBF600BE3D05 /* BullsEyeTests.swift */; };
		3042D0AD28E3CBF600BE3D05 /* BullsEyeUITests.swift in Sources */ = {isa = PBXBuildFile; fileRef = 3042D0AC28E3CBF600BE3D05 /* BullsEyeUITests.swift */; };
		3042D0AF28E3CBF600BE3D05 /* BullsEyeUITestsLaunchTests.swift in Sources */ = {isa = PBXBuildFile; fileRef = 3042D0AE28E3CBF600BE3D05 /* BullsEyeUITestsLaunchTests.swift */; };
		30C81C0628E54BA4009F51CE /* AboutViewController.swift in Sources */ = {isa = PBXBuildFile; fileRef = 30C81C0528E54BA4009F51CE /* AboutViewController.swift */; };
		30C81C0828E560C3009F51CE /* BullsEye.html in Resources */ = {isa = PBXBuildFile; fileRef = 30C81C0728E560C3009F51CE /* BullsEye.html */; };
/* End PBXBuildFile section */

/* Begin PBXContainerItemProxy section */
		3042D09F28E3CBF600BE3D05 /* PBXContainerItemProxy */ = {
			isa = PBXContainerItemProxy;
			containerPortal = 3042D08028E3CBF300BE3D05 /* Project object */;
			proxyType = 1;
			remoteGlobalIDString = 3042D08728E3CBF300BE3D05;
			remoteInfo = BullsEye;
		};
		3042D0A928E3CBF600BE3D05 /* PBXContainerItemProxy */ = {
			isa = PBXContainerItemProxy;
			containerPortal = 3042D08028E3CBF300BE3D05 /* Project object */;
			proxyType = 1;
			remoteGlobalIDString = 3042D08728E3CBF300BE3D05;
			remoteInfo = BullsEye;
		};
/* End PBXContainerItemProxy section */

/* Begin PBXFileReference section */
		3042D08828E3CBF300BE3D05 /* BullsEye.app */ = {isa = PBXFileReference; explicitFileType = wrapper.application; includeInIndex = 0; path = BullsEye.app; sourceTree = BUILT_PRODUCTS_DIR; };
		3042D08B28E3CBF300BE3D05 /* AppDelegate.swift */ = {isa = PBXFileReference; lastKnownFileType = sourcecode.swift; path = AppDelegate.swift; sourceTree = "<group>"; };
		3042D08D28E3CBF300BE3D05 /* SceneDelegate.swift */ = {isa = PBXFileReference; lastKnownFileType = sourcecode.swift; path = SceneDelegate.swift; sourceTree = "<group>"; };
		3042D08F28E3CBF300BE3D05 /* ViewController.swift */ = {isa = PBXFileReference; lastKnownFileType = sourcecode.swift; path = ViewController.swift; sourceTree = "<group>"; };
		3042D09228E3CBF300BE3D05 /* Base */ = {isa = PBXFileReference; lastKnownFileType = file.storyboard; name = Base; path = Base.lproj/Main.storyboard; sourceTree = "<group>"; };
		3042D09428E3CBF500BE3D05 /* Assets.xcassets */ = {isa = PBXFileReference; lastKnownFileType = folder.assetcatalog; path = Assets.xcassets; sourceTree = "<group>"; };
		3042D09728E3CBF500BE3D05 /* Base */ = {isa = PBXFileReference; lastKnownFileType = file.storyboard; name = Base; path = Base.lproj/LaunchScreen.storyboard; sourceTree = "<group>"; };
		3042D09928E3CBF500BE3D05 /* Info.plist */ = {isa = PBXFileReference; lastKnownFileType = text.plist.xml; path = Info.plist; sourceTree = "<group>"; };
		3042D09E28E3CBF600BE3D05 /* BullsEyeTests.xctest */ = {isa = PBXFileReference; explicitFileType = wrapper.cfbundle; includeInIndex = 0; path = BullsEyeTests.xctest; sourceTree = BUILT_PRODUCTS_DIR; };
		3042D0A228E3CBF600BE3D05 /* BullsEyeTests.swift */ = {isa = PBXFileReference; lastKnownFileType = sourcecode.swift; path = BullsEyeTests.swift; sourceTree = "<group>"; };
		3042D0A828E3CBF600BE3D05 /* BullsEyeUITests.xctest */ = {isa = PBXFileReference; explicitFileType = wrapper.cfbundle; includeInIndex = 0; path = BullsEyeUITests.xctest; sourceTree = BUILT_PRODUCTS_DIR; };
		3042D0AC28E3CBF600BE3D05 /* BullsEyeUITests.swift */ = {isa = PBXFileReference; lastKnownFileType = sourcecode.swift; path = BullsEyeUITests.swift; sourceTree = "<group>"; };
		3042D0AE28E3CBF600BE3D05 /* BullsEyeUITestsLaunchTests.swift */ = {isa = PBXFileReference; lastKnownFileType = sourcecode.swift; path = BullsEyeUITestsLaunchTests.swift; sourceTree = "<group>"; };
		30C81C0528E54BA4009F51CE /* AboutViewController.swift */ = {isa = PBXFileReference; lastKnownFileType = sourcecode.swift; name = AboutViewController.swift; path = BullsEye/AboutViewController.swift; sourceTree = "<group>"; };
		30C81C0728E560C3009F51CE /* BullsEye.html */ = {isa = PBXFileReference; fileEncoding = 4; lastKnownFileType = text.html; name = BullsEye.html; path = "../../../ia-materials/01-getting-started/Resources/BullsEye.html"; sourceTree = "<group>"; };
/* End PBXFileReference section */

/* Begin PBXFrameworksBuildPhase section */
		3042D08528E3CBF300BE3D05 /* Frameworks */ = {
			isa = PBXFrameworksBuildPhase;
			buildActionMask = 2147483647;
			files = (
			);
			runOnlyForDeploymentPostprocessing = 0;
		};
		3042D09B28E3CBF600BE3D05 /* Frameworks */ = {
			isa = PBXFrameworksBuildPhase;
			buildActionMask = 2147483647;
			files = (
			);
			runOnlyForDeploymentPostprocessing = 0;
		};
		3042D0A528E3CBF600BE3D05 /* Frameworks */ = {
			isa = PBXFrameworksBuildPhase;
			buildActionMask = 2147483647;
			files = (
			);
			runOnlyForDeploymentPostprocessing = 0;
		};
/* End PBXFrameworksBuildPhase section */

/* Begin PBXGroup section */
		3042D07F28E3CBF300BE3D05 = {
			isa = PBXGroup;
			children = (
				30C81C0528E54BA4009F51CE /* AboutViewController.swift */,
				3042D08A28E3CBF300BE3D05 /* BullsEye */,
				3042D0A128E3CBF600BE3D05 /* BullsEyeTests */,
				3042D0AB28E3CBF600BE3D05 /* BullsEyeUITests */,
				3042D08928E3CBF300BE3D05 /* Products */,
			);
			sourceTree = "<group>";
		};
		3042D08928E3CBF300BE3D05 /* Products */ = {
			isa = PBXGroup;
			children = (
				3042D08828E3CBF300BE3D05 /* BullsEye.app */,
				3042D09E28E3CBF600BE3D05 /* BullsEyeTests.xctest */,
				3042D0A828E3CBF600BE3D05 /* BullsEyeUITests.xctest */,
			);
			name = Products;
			sourceTree = "<group>";
		};
		3042D08A28E3CBF300BE3D05 /* BullsEye */ = {
			isa = PBXGroup;
			children = (
				30C81C0728E560C3009F51CE /* BullsEye.html */,
				3042D08B28E3CBF300BE3D05 /* AppDelegate.swift */,
				3042D08D28E3CBF300BE3D05 /* SceneDelegate.swift */,
				3042D08F28E3CBF300BE3D05 /* ViewController.swift */,
				3042D09128E3CBF300BE3D05 /* Main.storyboard */,
				3042D09428E3CBF500BE3D05 /* Assets.xcassets */,
				3042D09628E3CBF500BE3D05 /* LaunchScreen.storyboard */,
				3042D09928E3CBF500BE3D05 /* Info.plist */,
			);
			path = BullsEye;
			sourceTree = "<group>";
		};
		3042D0A128E3CBF600BE3D05 /* BullsEyeTests */ = {
			isa = PBXGroup;
			children = (
				3042D0A228E3CBF600BE3D05 /* BullsEyeTests.swift */,
			);
			path = BullsEyeTests;
			sourceTree = "<group>";
		};
		3042D0AB28E3CBF600BE3D05 /* BullsEyeUITests */ = {
			isa = PBXGroup;
			children = (
				3042D0AC28E3CBF600BE3D05 /* BullsEyeUITests.swift */,
				3042D0AE28E3CBF600BE3D05 /* BullsEyeUITestsLaunchTests.swift */,
			);
			path = BullsEyeUITests;
			sourceTree = "<group>";
		};
/* End PBXGroup section */

/* Begin PBXNativeTarget section */
		3042D08728E3CBF300BE3D05 /* BullsEye */ = {
			isa = PBXNativeTarget;
			buildConfigurationList = 3042D0B228E3CBF600BE3D05 /* Build configuration list for PBXNativeTarget "BullsEye" */;
			buildPhases = (
				3042D08428E3CBF300BE3D05 /* Sources */,
				3042D08528E3CBF300BE3D05 /* Frameworks */,
				3042D08628E3CBF300BE3D05 /* Resources */,
			);
			buildRules = (
			);
			dependencies = (
			);
			name = BullsEye;
			productName = BullsEye;
			productReference = 3042D08828E3CBF300BE3D05 /* BullsEye.app */;
			productType = "com.apple.product-type.application";
		};
		3042D09D28E3CBF600BE3D05 /* BullsEyeTests */ = {
			isa = PBXNativeTarget;
			buildConfigurationList = 3042D0B528E3CBF600BE3D05 /* Build configuration list for PBXNativeTarget "BullsEyeTests" */;
			buildPhases = (
				3042D09A28E3CBF600BE3D05 /* Sources */,
				3042D09B28E3CBF600BE3D05 /* Frameworks */,
				3042D09C28E3CBF600BE3D05 /* Resources */,
			);
			buildRules = (
			);
			dependencies = (
				3042D0A028E3CBF600BE3D05 /* PBXTargetDependency */,
			);
			name = BullsEyeTests;
			productName = BullsEyeTests;
			productReference = 3042D09E28E3CBF600BE3D05 /* BullsEyeTests.xctest */;
			productType = "com.apple.product-type.bundle.unit-test";
		};
		3042D0A728E3CBF600BE3D05 /* BullsEyeUITests */ = {
			isa = PBXNativeTarget;
			buildConfigurationList = 3042D0B828E3CBF600BE3D05 /* Build configuration list for PBXNativeTarget "BullsEyeUITests" */;
			buildPhases = (
				3042D0A428E3CBF600BE3D05 /* Sources */,
				3042D0A528E3CBF600BE3D05 /* Frameworks */,
				3042D0A628E3CBF600BE3D05 /* Resources */,
			);
			buildRules = (
			);
			dependencies = (
				3042D0AA28E3CBF600BE3D05 /* PBXTargetDependency */,
			);
			name = BullsEyeUITests;
			productName = BullsEyeUITests;
			productReference = 3042D0A828E3CBF600BE3D05 /* BullsEyeUITests.xctest */;
			productType = "com.apple.product-type.bundle.ui-testing";
		};
/* End PBXNativeTarget section */

/* Begin PBXProject section */
		3042D08028E3CBF300BE3D05 /* Project object */ = {
			isa = PBXProject;
			attributes = {
				BuildIndependentTargetsInParallel = 1;
				LastSwiftUpdateCheck = 1400;
				LastUpgradeCheck = 1400;
				TargetAttributes = {
					3042D08728E3CBF300BE3D05 = {
						CreatedOnToolsVersion = 14.0.1;
					};
					3042D09D28E3CBF600BE3D05 = {
						CreatedOnToolsVersion = 14.0.1;
						TestTargetID = 3042D08728E3CBF300BE3D05;
					};
					3042D0A728E3CBF600BE3D05 = {
						CreatedOnToolsVersion = 14.0.1;
						TestTargetID = 3042D08728E3CBF300BE3D05;
					};
				};
			};
			buildConfigurationList = 3042D08328E3CBF300BE3D05 /* Build configuration list for PBXProject "BullsEye" */;
			compatibilityVersion = "Xcode 14.0";
			developmentRegion = en;
			hasScannedForEncodings = 0;
			knownRegions = (
				en,
				Base,
			);
			mainGroup = 3042D07F28E3CBF300BE3D05;
			productRefGroup = 3042D08928E3CBF300BE3D05 /* Products */;
			projectDirPath = "";
			projectRoot = "";
			targets = (
				3042D08728E3CBF300BE3D05 /* BullsEye */,
				3042D09D28E3CBF600BE3D05 /* BullsEyeTests */,
				3042D0A728E3CBF600BE3D05 /* BullsEyeUITests */,
			);
		};
/* End PBXProject section */

/* Begin PBXResourcesBuildPhase section */
		3042D08628E3CBF300BE3D05 /* Resources */ = {
			isa = PBXResourcesBuildPhase;
			buildActionMask = 2147483647;
			files = (
				3042D09828E3CBF500BE3D05 /* LaunchScreen.storyboard in Resources */,
				30C81C0828E560C3009F51CE /* BullsEye.html in Resources */,
				3042D09528E3CBF500BE3D05 /* Assets.xcassets in Resources */,
				3042D09328E3CBF300BE3D05 /* Main.storyboard in Resources */,
			);
			runOnlyForDeploymentPostprocessing = 0;
		};
		3042D09C28E3CBF600BE3D05 /* Resources */ = {
			isa = PBXResourcesBuildPhase;
			buildActionMask = 2147483647;
			files = (
			);
			runOnlyForDeploymentPostprocessing = 0;
		};
		3042D0A628E3CBF600BE3D05 /* Resources */ = {
			isa = PBXResourcesBuildPhase;
			buildActionMask = 2147483647;
			files = (
			);
			runOnlyForDeploymentPostprocessing = 0;
		};
/* End PBXResourcesBuildPhase section */

/* Begin PBXSourcesBuildPhase section */
		3042D08428E3CBF300BE3D05 /* Sources */ = {
			isa = PBXSourcesBuildPhase;
			buildActionMask = 2147483647;
			files = (
				3042D09028E3CBF300BE3D05 /* ViewController.swift in Sources */,
				3042D08C28E3CBF300BE3D05 /* AppDelegate.swift in Sources */,
				30C81C0628E54BA4009F51CE /* AboutViewController.swift in Sources */,
				3042D08E28E3CBF300BE3D05 /* SceneDelegate.swift in Sources */,
			);
			runOnlyForDeploymentPostprocessing = 0;
		};
		3042D09A28E3CBF600BE3D05 /* Sources */ = {
			isa = PBXSourcesBuildPhase;
			buildActionMask = 2147483647;
			files = (
				3042D0A328E3CBF600BE3D05 /* BullsEyeTests.swift in Sources */,
			);
			runOnlyForDeploymentPostprocessing = 0;
		};
		3042D0A428E3CBF600BE3D05 /* Sources */ = {
			isa = PBXSourcesBuildPhase;
			buildActionMask = 2147483647;
			files = (
				3042D0AF28E3CBF600BE3D05 /* BullsEyeUITestsLaunchTests.swift in Sources */,
				3042D0AD28E3CBF600BE3D05 /* BullsEyeUITests.swift in Sources */,
			);
			runOnlyForDeploymentPostprocessing = 0;
		};
/* End PBXSourcesBuildPhase section */

/* Begin PBXTargetDependency section */
		3042D0A028E3CBF600BE3D05 /* PBXTargetDependency */ = {
			isa = PBXTargetDependency;
			target = 3042D08728E3CBF300BE3D05 /* BullsEye */;
			targetProxy = 3042D09F28E3CBF600BE3D05 /* PBXContainerItemProxy */;
		};
		3042D0AA28E3CBF600BE3D05 /* PBXTargetDependency */ = {
			isa = PBXTargetDependency;
			target = 3042D08728E3CBF300BE3D05 /* BullsEye */;
			targetProxy = 3042D0A928E3CBF600BE3D05 /* PBXContainerItemProxy */;
		};
/* End PBXTargetDependency section */

/* Begin PBXVariantGroup section */
		3042D09128E3CBF300BE3D05 /* Main.storyboard */ = {
			isa = PBXVariantGroup;
			children = (
				3042D09228E3CBF300BE3D05 /* Base */,
			);
			name = Main.storyboard;
			sourceTree = "<group>";
		};
		3042D09628E3CBF500BE3D05 /* LaunchScreen.storyboard */ = {
			isa = PBXVariantGroup;
			children = (
				3042D09728E3CBF500BE3D05 /* Base */,
			);
			name = LaunchScreen.storyboard;
			sourceTree = "<group>";
		};
/* End PBXVariantGroup section */

/* Begin XCBuildConfiguration section */
		3042D0B028E3CBF600BE3D05 /* Debug */ = {
			isa = XCBuildConfiguration;
			buildSettings = {
				ALWAYS_SEARCH_USER_PATHS = NO;
				CLANG_ANALYZER_NONNULL = YES;
				CLANG_ANALYZER_NUMBER_OBJECT_CONVERSION = YES_AGGRESSIVE;
				CLANG_CXX_LANGUAGE_STANDARD = "gnu++20";
				CLANG_ENABLE_MODULES = YES;
				CLANG_ENABLE_OBJC_ARC = YES;
				CLANG_ENABLE_OBJC_WEAK = YES;
				CLANG_WARN_BLOCK_CAPTURE_AUTORELEASING = YES;
				CLANG_WARN_BOOL_CONVERSION = YES;
				CLANG_WARN_COMMA = YES;
				CLANG_WARN_CONSTANT_CONVERSION = YES;
				CLANG_WARN_DEPRECATED_OBJC_IMPLEMENTATIONS = YES;
				CLANG_WARN_DIRECT_OBJC_ISA_USAGE = YES_ERROR;
				CLANG_WARN_DOCUMENTATION_COMMENTS = YES;
				CLANG_WARN_EMPTY_BODY = YES;
				CLANG_WARN_ENUM_CONVERSION = YES;
				CLANG_WARN_INFINITE_RECURSION = YES;
				CLANG_WARN_INT_CONVERSION = YES;
				CLANG_WARN_NON_LITERAL_NULL_CONVERSION = YES;
				CLANG_WARN_OBJC_IMPLICIT_RETAIN_SELF = YES;
				CLANG_WARN_OBJC_LITERAL_CONVERSION = YES;
				CLANG_WARN_OBJC_ROOT_CLASS = YES_ERROR;
				CLANG_WARN_QUOTED_INCLUDE_IN_FRAMEWORK_HEADER = YES;
				CLANG_WARN_RANGE_LOOP_ANALYSIS = YES;
				CLANG_WARN_STRICT_PROTOTYPES = YES;
				CLANG_WARN_SUSPICIOUS_MOVE = YES;
				CLANG_WARN_UNGUARDED_AVAILABILITY = YES_AGGRESSIVE;
				CLANG_WARN_UNREACHABLE_CODE = YES;
				CLANG_WARN__DUPLICATE_METHOD_MATCH = YES;
				COPY_PHASE_STRIP = NO;
				DEBUG_INFORMATION_FORMAT = dwarf;
				ENABLE_STRICT_OBJC_MSGSEND = YES;
				ENABLE_TESTABILITY = YES;
				GCC_C_LANGUAGE_STANDARD = gnu11;
				GCC_DYNAMIC_NO_PIC = NO;
				GCC_NO_COMMON_BLOCKS = YES;
				GCC_OPTIMIZATION_LEVEL = 0;
				GCC_PREPROCESSOR_DEFINITIONS = (
					"DEBUG=1",
					"$(inherited)",
				);
				GCC_WARN_64_TO_32_BIT_CONVERSION = YES;
				GCC_WARN_ABOUT_RETURN_TYPE = YES_ERROR;
				GCC_WARN_UNDECLARED_SELECTOR = YES;
				GCC_WARN_UNINITIALIZED_AUTOS = YES_AGGRESSIVE;
				GCC_WARN_UNUSED_FUNCTION = YES;
				GCC_WARN_UNUSED_VARIABLE = YES;
				IPHONEOS_DEPLOYMENT_TARGET = 16.0;
				MTL_ENABLE_DEBUG_INFO = INCLUDE_SOURCE;
				MTL_FAST_MATH = YES;
				ONLY_ACTIVE_ARCH = YES;
				SDKROOT = iphoneos;
				SWIFT_ACTIVE_COMPILATION_CONDITIONS = DEBUG;
				SWIFT_OPTIMIZATION_LEVEL = "-Onone";
			};
			name = Debug;
		};
		3042D0B128E3CBF600BE3D05 /* Release */ = {
			isa = XCBuildConfiguration;
			buildSettings = {
				ALWAYS_SEARCH_USER_PATHS = NO;
				CLANG_ANALYZER_NONNULL = YES;
				CLANG_ANALYZER_NUMBER_OBJECT_CONVERSION = YES_AGGRESSIVE;
				CLANG_CXX_LANGUAGE_STANDARD = "gnu++20";
				CLANG_ENABLE_MODULES = YES;
				CLANG_ENABLE_OBJC_ARC = YES;
				CLANG_ENABLE_OBJC_WEAK = YES;
				CLANG_WARN_BLOCK_CAPTURE_AUTORELEASING = YES;
				CLANG_WARN_BOOL_CONVERSION = YES;
				CLANG_WARN_COMMA = YES;
				CLANG_WARN_CONSTANT_CONVERSION = YES;
				CLANG_WARN_DEPRECATED_OBJC_IMPLEMENTATIONS = YES;
				CLANG_WARN_DIRECT_OBJC_ISA_USAGE = YES_ERROR;
				CLANG_WARN_DOCUMENTATION_COMMENTS = YES;
				CLANG_WARN_EMPTY_BODY = YES;
				CLANG_WARN_ENUM_CONVERSION = YES;
				CLANG_WARN_INFINITE_RECURSION = YES;
				CLANG_WARN_INT_CONVERSION = YES;
				CLANG_WARN_NON_LITERAL_NULL_CONVERSION = YES;
				CLANG_WARN_OBJC_IMPLICIT_RETAIN_SELF = YES;
				CLANG_WARN_OBJC_LITERAL_CONVERSION = YES;
				CLANG_WARN_OBJC_ROOT_CLASS = YES_ERROR;
				CLANG_WARN_QUOTED_INCLUDE_IN_FRAMEWORK_HEADER = YES;
				CLANG_WARN_RANGE_LOOP_ANALYSIS = YES;
				CLANG_WARN_STRICT_PROTOTYPES = YES;
				CLANG_WARN_SUSPICIOUS_MOVE = YES;
				CLANG_WARN_UNGUARDED_AVAILABILITY = YES_AGGRESSIVE;
				CLANG_WARN_UNREACHABLE_CODE = YES;
				CLANG_WARN__DUPLICATE_METHOD_MATCH = YES;
				COPY_PHASE_STRIP = NO;
				DEBUG_INFORMATION_FORMAT = "dwarf-with-dsym";
				ENABLE_NS_ASSERTIONS = NO;
				ENABLE_STRICT_OBJC_MSGSEND = YES;
				GCC_C_LANGUAGE_STANDARD = gnu11;
				GCC_NO_COMMON_BLOCKS = YES;
				GCC_WARN_64_TO_32_BIT_CONVERSION = YES;
				GCC_WARN_ABOUT_RETURN_TYPE = YES_ERROR;
				GCC_WARN_UNDECLARED_SELECTOR = YES;
				GCC_WARN_UNINITIALIZED_AUTOS = YES_AGGRESSIVE;
				GCC_WARN_UNUSED_FUNCTION = YES;
				GCC_WARN_UNUSED_VARIABLE = YES;
				IPHONEOS_DEPLOYMENT_TARGET = 16.0;
				MTL_ENABLE_DEBUG_INFO = NO;
				MTL_FAST_MATH = YES;
				SDKROOT = iphoneos;
				SWIFT_COMPILATION_MODE = wholemodule;
				SWIFT_OPTIMIZATION_LEVEL = "-O";
				VALIDATE_PRODUCT = YES;
			};
			name = Release;
		};
		3042D0B328E3CBF600BE3D05 /* Debug */ = {
			isa = XCBuildConfiguration;
			buildSettings = {
				ASSETCATALOG_COMPILER_APPICON_NAME = AppIcon;
				ASSETCATALOG_COMPILER_GLOBAL_ACCENT_COLOR_NAME = AccentColor;
				CODE_SIGN_STYLE = Automatic;
				CURRENT_PROJECT_VERSION = 1;
				DEVELOPMENT_TEAM = TQ3QDWD4HU;
				GENERATE_INFOPLIST_FILE = YES;
				INFOPLIST_FILE = BullsEye/Info.plist;
				INFOPLIST_KEY_CFBundleDisplayName = "Bull's Eye";
				INFOPLIST_KEY_UIApplicationSupportsIndirectInputEvents = YES;
				INFOPLIST_KEY_UILaunchStoryboardName = LaunchScreen;
				INFOPLIST_KEY_UIMainStoryboardFile = Main;
				INFOPLIST_KEY_UIStatusBarHidden = YES;
				INFOPLIST_KEY_UIStatusBarStyle = "";
				INFOPLIST_KEY_UISupportedInterfaceOrientations = "UIInterfaceOrientationLandscapeLeft UIInterfaceOrientationLandscapeRight";
				LD_RUNPATH_SEARCH_PATHS = (
					"$(inherited)",
					"@executable_path/Frameworks",
				);
				MARKETING_VERSION = 1.0;
				PRODUCT_BUNDLE_IDENTIFIER = leylatuon.BullsEye;
				PRODUCT_NAME = "$(TARGET_NAME)";
				SWIFT_EMIT_LOC_STRINGS = YES;
				SWIFT_VERSION = 5.0;
				TARGETED_DEVICE_FAMILY = "1,2";
			};
			name = Debug;
		};
		3042D0B428E3CBF600BE3D05 /* Release */ = {
			isa = XCBuildConfiguration;
			buildSettings = {
				ASSETCATALOG_COMPILER_APPICON_NAME = AppIcon;
				ASSETCATALOG_COMPILER_GLOBAL_ACCENT_COLOR_NAME = AccentColor;
				CODE_SIGN_STYLE = Automatic;
				CURRENT_PROJECT_VERSION = 1;
				DEVELOPMENT_TEAM = TQ3QDWD4HU;
				GENERATE_INFOPLIST_FILE = YES;
				INFOPLIST_FILE = BullsEye/Info.plist;
				INFOPLIST_KEY_CFBundleDisplayName = "Bull's Eye";
				INFOPLIST_KEY_UIApplicationSupportsIndirectInputEvents = YES;
				INFOPLIST_KEY_UILaunchStoryboardName = LaunchScreen;
				INFOPLIST_KEY_UIMainStoryboardFile = Main;
				INFOPLIST_KEY_UIStatusBarHidden = YES;
				INFOPLIST_KEY_UIStatusBarStyle = "";
				INFOPLIST_KEY_UISupportedInterfaceOrientations = "UIInterfaceOrientationLandscapeLeft UIInterfaceOrientationLandscapeRight";
				LD_RUNPATH_SEARCH_PATHS = (
					"$(inherited)",
					"@executable_path/Frameworks",
				);
				MARKETING_VERSION = 1.0;
				PRODUCT_BUNDLE_IDENTIFIER = leylatuon.BullsEye;
				PRODUCT_NAME = "$(TARGET_NAME)";
				SWIFT_EMIT_LOC_STRINGS = YES;
				SWIFT_VERSION = 5.0;
				TARGETED_DEVICE_FAMILY = "1,2";
			};
			name = Release;
		};
		3042D0B628E3CBF600BE3D05 /* Debug */ = {
			isa = XCBuildConfiguration;
			buildSettings = {
				ALWAYS_EMBED_SWIFT_STANDARD_LIBRARIES = YES;
				BUNDLE_LOADER = "$(TEST_HOST)";
				CODE_SIGN_STYLE = Automatic;
				CURRENT_PROJECT_VERSION = 1;
				GENERATE_INFOPLIST_FILE = YES;
				IPHONEOS_DEPLOYMENT_TARGET = 16.0;
				MARKETING_VERSION = 1.0;
				PRODUCT_BUNDLE_IDENTIFIER = leylatuon.BullsEyeTests;
				PRODUCT_NAME = "$(TARGET_NAME)";
				SWIFT_EMIT_LOC_STRINGS = NO;
				SWIFT_VERSION = 5.0;
				TARGETED_DEVICE_FAMILY = "1,2";
				TEST_HOST = "$(BUILT_PRODUCTS_DIR)/BullsEye.app/$(BUNDLE_EXECUTABLE_FOLDER_PATH)/BullsEye";
			};
			name = Debug;
		};
		3042D0B728E3CBF600BE3D05 /* Release */ = {
			isa = XCBuildConfiguration;
			buildSettings = {
				ALWAYS_EMBED_SWIFT_STANDARD_LIBRARIES = YES;
				BUNDLE_LOADER = "$(TEST_HOST)";
				CODE_SIGN_STYLE = Automatic;
				CURRENT_PROJECT_VERSION = 1;
				GENERATE_INFOPLIST_FILE = YES;
				IPHONEOS_DEPLOYMENT_TARGET = 16.0;
				MARKETING_VERSION = 1.0;
				PRODUCT_BUNDLE_IDENTIFIER = leylatuon.BullsEyeTests;
				PRODUCT_NAME = "$(TARGET_NAME)";
				SWIFT_EMIT_LOC_STRINGS = NO;
				SWIFT_VERSION = 5.0;
				TARGETED_DEVICE_FAMILY = "1,2";
				TEST_HOST = "$(BUILT_PRODUCTS_DIR)/BullsEye.app/$(BUNDLE_EXECUTABLE_FOLDER_PATH)/BullsEye";
			};
			name = Release;
		};
		3042D0B928E3CBF600BE3D05 /* Debug */ = {
			isa = XCBuildConfiguration;
			buildSettings = {
				ALWAYS_EMBED_SWIFT_STANDARD_LIBRARIES = YES;
				CODE_SIGN_STYLE = Automatic;
				CURRENT_PROJECT_VERSION = 1;
				GENERATE_INFOPLIST_FILE = YES;
				MARKETING_VERSION = 1.0;
				PRODUCT_BUNDLE_IDENTIFIER = leylatuon.BullsEyeUITests;
				PRODUCT_NAME = "$(TARGET_NAME)";
				SWIFT_EMIT_LOC_STRINGS = NO;
				SWIFT_VERSION = 5.0;
				TARGETED_DEVICE_FAMILY = "1,2";
				TEST_TARGET_NAME = BullsEye;
			};
			name = Debug;
		};
		3042D0BA28E3CBF600BE3D05 /* Release */ = {
			isa = XCBuildConfiguration;
			buildSettings = {
				ALWAYS_EMBED_SWIFT_STANDARD_LIBRARIES = YES;
				CODE_SIGN_STYLE = Automatic;
				CURRENT_PROJECT_VERSION = 1;
				GENERATE_INFOPLIST_FILE = YES;
				MARKETING_VERSION = 1.0;
				PRODUCT_BUNDLE_IDENTIFIER = leylatuon.BullsEyeUITests;
				PRODUCT_NAME = "$(TARGET_NAME)";
				SWIFT_EMIT_LOC_STRINGS = NO;
				SWIFT_VERSION = 5.0;
				TARGETED_DEVICE_FAMILY = "1,2";
				TEST_TARGET_NAME = BullsEye;
			};
			name = Release;
		};
/* End XCBuildConfiguration section */

/* Begin XCConfigurationList section */
		3042D08328E3CBF300BE3D05 /* Build configuration list for PBXProject "BullsEye" */ = {
			isa = XCConfigurationList;
			buildConfigurations = (
				3042D0B028E3CBF600BE3D05 /* Debug */,
				3042D0B128E3CBF600BE3D05 /* Release */,
			);
			defaultConfigurationIsVisible = 0;
			defaultConfigurationName = Release;
		};
		3042D0B228E3CBF600BE3D05 /* Build configuration list for PBXNativeTarget "BullsEye" */ = {
			isa = XCConfigurationList;
			buildConfigurations = (
				3042D0B328E3CBF600BE3D05 /* Debug */,
				3042D0B428E3CBF600BE3D05 /* Release */,
			);
			defaultConfigurationIsVisible = 0;
			defaultConfigurationName = Release;
		};
		3042D0B528E3CBF600BE3D05 /* Build configuration list for PBXNativeTarget "BullsEyeTests" */ = {
			isa = XCConfigurationList;
			buildConfigurations = (
				3042D0B628E3CBF600BE3D05 /* Debug */,
				3042D0B728E3CBF600BE3D05 /* Release */,
			);
			defaultConfigurationIsVisible = 0;
			defaultConfigurationName = Release;
		};
		3042D0B828E3CBF600BE3D05 /* Build configuration list for PBXNativeTarget "BullsEyeUITests" */ = {
			isa = XCConfigurationList;
			buildConfigurations = (
				3042D0B928E3CBF600BE3D05 /* Debug */,
				3042D0BA28E3CBF600BE3D05 /* Release */,
			);
			defaultConfigurationIsVisible = 0;
			defaultConfigurationName = Release;
		};
/* End XCConfigurationList section */
	};
	rootObject = 3042D08028E3CBF300BE3D05 /* Project object */;
}
